
Microsoft Visual Studio Solution File, Format Version 12.00
# Visual Studio Version 17
VisualStudioVersion = 17.13.35919.96
MinimumVisualStudioVersion = 10.0.40219.1
Project("{FAE04EC0-301F-11D3-BF4B-00C04F79EFBC}") = "ExternalResourcesDemo", "ExternalResourcesDemo\ExternalResourcesDemo.csproj", "{B5A7C1E2-64CD-43CE-A659-6E04BA7FB1AD}"
EndProject
Project("{FAE04EC0-301F-11D3-BF4B-00C04F79EFBC}") = "ColorMaker", "ColorMaker\ColorMaker.csproj", "{A0B11D92-2A2F-0591-C715-898206D61724}"
EndProject
Project("{FAE04EC0-301F-11D3-BF4B-00C04F79EFBC}") = "ControlsDemo", "ControlsDemo\ControlsDemo.csproj", "{57741D20-0EA0-4457-8BE6-B001911404AC}"
EndProject
Project("{FAE04EC0-301F-11D3-BF4B-00C04F79EFBC}") = "LayoutsDemo", "LayoutsDemo\LayoutsDemo.csproj", "{7B6021B9-F0C3-8416-442F-13F02DF484AF}"
EndProject
Project("{FAE04EC0-301F-11D3-BF4B-00C04F79EFBC}") = "MauiAppOne", "MauiAppOne\MauiAppOne.csproj", "{8286705A-458D-2B97-DBF2-90334E11C185}"
EndProject
Project("{FAE04EC0-301F-11D3-BF4B-00C04F79EFBC}") = "PagesDemo", "PagesDemo\PagesDemo.csproj", "{7456CFF1-8FD3-64A2-9E05-5A486B18BE30}"
EndProject
Project("{FAE04EC0-301F-11D3-BF4B-00C04F79EFBC}") = "PerfectPay", "PerfectPay\PerfectPay.csproj", "{59FBAC05-67F0-C7DC-0938-EB11ED712F2C}"
EndProject
Project("{FAE04EC0-301F-11D3-BF4B-00C04F79EFBC}") = "CodeQuotes", "CodeQuotes\CodeQuotes.csproj", "{05AA1ABE-47A5-4697-A2A8-96D3201E7B70}"
EndProject
Project("{FAE04EC0-301F-11D3-BF4B-00C04F79EFBC}") = "DatabindingDemo", "DatabindingDemo\DatabindingDemo.csproj", "{9FDD5E87-DB6A-4FC3-AE00-BD6BD9F5DCEF}"
EndProject
Project("{FAE04EC0-301F-11D3-BF4B-00C04F79EFBC}") = "Hangman", "Hangman\Hangman.csproj", "{5BA73368-0949-4EAB-B710-465D380B0F6D}"
EndProject
Project("{FAE04EC0-301F-11D3-BF4B-00C04F79EFBC}") = "MvvmDemo", "MvvmDemo\MvvmDemo.csproj", "{B6177A9F-AE0F-4EBD-98F9-90EC0296F438}"
EndProject
Project("{FAE04EC0-301F-11D3-BF4B-00C04F79EFBC}") = "BMI", "BMI\BMI.csproj", "{949B8F2B-006A-49B0-94A3-DA02880C3031}"
EndProject
Global
	GlobalSection(SolutionConfigurationPlatforms) = preSolution
		Debug|Any CPU = Debug|Any CPU
		Release|Any CPU = Release|Any CPU
	EndGlobalSection
	GlobalSection(ProjectConfigurationPlatforms) = postSolution
		{B5A7C1E2-64CD-43CE-A659-6E04BA7FB1AD}.Debug|Any CPU.ActiveCfg = Debug|Any CPU
		{B5A7C1E2-64CD-43CE-A659-6E04BA7FB1AD}.Debug|Any CPU.Build.0 = Debug|Any CPU
		{B5A7C1E2-64CD-43CE-A659-6E04BA7FB1AD}.Debug|Any CPU.Deploy.0 = Debug|Any CPU
		{B5A7C1E2-64CD-43CE-A659-6E04BA7FB1AD}.Release|Any CPU.ActiveCfg = Release|Any CPU
		{B5A7C1E2-64CD-43CE-A659-6E04BA7FB1AD}.Release|Any CPU.Build.0 = Release|Any CPU
		{A0B11D92-2A2F-0591-C715-898206D61724}.Debug|Any CPU.ActiveCfg = Debug|Any CPU
		{A0B11D92-2A2F-0591-C715-898206D61724}.Debug|Any CPU.Build.0 = Debug|Any CPU
		{A0B11D92-2A2F-0591-C715-898206D61724}.Release|Any CPU.ActiveCfg = Release|Any CPU
		{A0B11D92-2A2F-0591-C715-898206D61724}.Release|Any CPU.Build.0 = Release|Any CPU
		{57741D20-0EA0-4457-8BE6-B001911404AC}.Debug|Any CPU.ActiveCfg = Debug|Any CPU
		{57741D20-0EA0-4457-8BE6-B001911404AC}.Debug|Any CPU.Build.0 = Debug|Any CPU
		{57741D20-0EA0-4457-8BE6-B001911404AC}.Release|Any CPU.ActiveCfg = Release|Any CPU
		{57741D20-0EA0-4457-8BE6-B001911404AC}.Release|Any CPU.Build.0 = Release|Any CPU
		{7B6021B9-F0C3-8416-442F-13F02DF484AF}.Debug|Any CPU.ActiveCfg = Debug|Any CPU
		{7B6021B9-F0C3-8416-442F-13F02DF484AF}.Debug|Any CPU.Build.0 = Debug|Any CPU
		{7B6021B9-F0C3-8416-442F-13F02DF484AF}.Release|Any CPU.ActiveCfg = Release|Any CPU
		{7B6021B9-F0C3-8416-442F-13F02DF484AF}.Release|Any CPU.Build.0 = Release|Any CPU
		{8286705A-458D-2B97-DBF2-90334E11C185}.Debug|Any CPU.ActiveCfg = Debug|Any CPU
		{8286705A-458D-2B97-DBF2-90334E11C185}.Debug|Any CPU.Build.0 = Debug|Any CPU
		{8286705A-458D-2B97-DBF2-90334E11C185}.Release|Any CPU.ActiveCfg = Release|Any CPU
		{8286705A-458D-2B97-DBF2-90334E11C185}.Release|Any CPU.Build.0 = Release|Any CPU
		{7456CFF1-8FD3-64A2-9E05-5A486B18BE30}.Debug|Any CPU.ActiveCfg = Debug|Any CPU
		{7456CFF1-8FD3-64A2-9E05-5A486B18BE30}.Debug|Any CPU.Build.0 = Debug|Any CPU
		{7456CFF1-8FD3-64A2-9E05-5A486B18BE30}.Release|Any CPU.ActiveCfg = Release|Any CPU
		{7456CFF1-8FD3-64A2-9E05-5A486B18BE30}.Release|Any CPU.Build.0 = Release|Any CPU
		{59FBAC05-67F0-C7DC-0938-EB11ED712F2C}.Debug|Any CPU.ActiveCfg = Debug|Any CPU
		{59FBAC05-67F0-C7DC-0938-EB11ED712F2C}.Debug|Any CPU.Build.0 = Debug|Any CPU
		{59FBAC05-67F0-C7DC-0938-EB11ED712F2C}.Release|Any CPU.ActiveCfg = Release|Any CPU
		{59FBAC05-67F0-C7DC-0938-EB11ED712F2C}.Release|Any CPU.Build.0 = Release|Any CPU
		{05AA1ABE-47A5-4697-A2A8-96D3201E7B70}.Debug|Any CPU.ActiveCfg = Debug|Any CPU
		{05AA1ABE-47A5-4697-A2A8-96D3201E7B70}.Debug|Any CPU.Build.0 = Debug|Any CPU
		{05AA1ABE-47A5-4697-A2A8-96D3201E7B70}.Debug|Any CPU.Deploy.0 = Debug|Any CPU
		{05AA1ABE-47A5-4697-A2A8-96D3201E7B70}.Release|Any CPU.ActiveCfg = Release|Any CPU
		{05AA1ABE-47A5-4697-A2A8-96D3201E7B70}.Release|Any CPU.Build.0 = Release|Any CPU
		{9FDD5E87-DB6A-4FC3-AE00-BD6BD9F5DCEF}.Debug|Any CPU.ActiveCfg = Debug|Any CPU
		{9FDD5E87-DB6A-4FC3-AE00-BD6BD9F5DCEF}.Debug|Any CPU.Build.0 = Debug|Any CPU
		{9FDD5E87-DB6A-4FC3-AE00-BD6BD9F5DCEF}.Debug|Any CPU.Deploy.0 = Debug|Any CPU
		{9FDD5E87-DB6A-4FC3-AE00-BD6BD9F5DCEF}.Release|Any CPU.ActiveCfg = Release|Any CPU
		{9FDD5E87-DB6A-4FC3-AE00-BD6BD9F5DCEF}.Release|Any CPU.Build.0 = Release|Any CPU
		{5BA73368-0949-4EAB-B710-465D380B0F6D}.Debug|Any CPU.ActiveCfg = Debug|Any CPU
		{5BA73368-0949-4EAB-B710-465D380B0F6D}.Debug|Any CPU.Build.0 = Debug|Any CPU
		{5BA73368-0949-4EAB-B710-465D380B0F6D}.Debug|Any CPU.Deploy.0 = Debug|Any CPU
		{5BA73368-0949-4EAB-B710-465D380B0F6D}.Release|Any CPU.ActiveCfg = Release|Any CPU
		{5BA73368-0949-4EAB-B710-465D380B0F6D}.Release|Any CPU.Build.0 = Release|Any CPU
		{B6177A9F-AE0F-4EBD-98F9-90EC0296F438}.Debug|Any CPU.ActiveCfg = Debug|Any CPU
		{B6177A9F-AE0F-4EBD-98F9-90EC0296F438}.Debug|Any CPU.Build.0 = Debug|Any CPU
		{B6177A9F-AE0F-4EBD-98F9-90EC0296F438}.Debug|Any CPU.Deploy.0 = Debug|Any CPU
		{B6177A9F-AE0F-4EBD-98F9-90EC0296F438}.Release|Any CPU.ActiveCfg = Release|Any CPU
		{B6177A9F-AE0F-4EBD-98F9-90EC0296F438}.Release|Any CPU.Build.0 = Release|Any CPU
		{949B8F2B-006A-49B0-94A3-DA02880C3031}.Debug|Any CPU.ActiveCfg = Debug|Any CPU
		{949B8F2B-006A-49B0-94A3-DA02880C3031}.Debug|Any CPU.Build.0 = Debug|Any CPU
		{949B8F2B-006A-49B0-94A3-DA02880C3031}.Release|Any CPU.ActiveCfg = Release|Any CPU
		{949B8F2B-006A-49B0-94A3-DA02880C3031}.Release|Any CPU.Build.0 = Release|Any CPU
	EndGlobalSection
	GlobalSection(SolutionProperties) = preSolution
		HideSolutionNode = FALSE
	EndGlobalSection
	GlobalSection(ExtensibilityGlobals) = postSolution
		SolutionGuid = {421AE617-F139-4440-AD37-18DAB5F2D58A}
	EndGlobalSection
EndGlobal
